
Microsoft Visual Studio Solution File, Format Version 12.00
# Visual Studio Version 17
VisualStudioVersion = 17.1.32210.238
MinimumVisualStudioVersion = 10.0.40219.1
Project("{FAE04EC0-301F-11D3-BF4B-00C04F79EFBC}") = "Pract26", "Pract26.csproj", "{C3D2BD0D-EDEF-4217-B246-65D855BBB84F}"
EndProject
Global
	GlobalSection(SolutionConfigurationPlatforms) = preSolution
		Debug|Any CPU = Debug|Any CPU
		Release|Any CPU = Release|Any CPU
	EndGlobalSection
	GlobalSection(ProjectConfigurationPlatforms) = postSolution
		{C3D2BD0D-EDEF-4217-B246-65D855BBB84F}.Debug|Any CPU.ActiveCfg = Debug|Any CPU
		{C3D2BD0D-EDEF-4217-B246-65D855BBB84F}.Debug|Any CPU.Build.0 = Debug|Any CPU
		{C3D2BD0D-EDEF-4217-B246-65D855BBB84F}.Release|Any CPU.ActiveCfg = Release|Any CPU
		{C3D2BD0D-EDEF-4217-B246-65D855BBB84F}.Release|Any CPU.Build.0 = Release|Any CPU
	EndGlobalSection
	GlobalSection(SolutionProperties) = preSolution
		HideSolutionNode = FALSE
	EndGlobalSection
	GlobalSection(ExtensibilityGlobals) = postSolution
		SolutionGuid = {B3685C4F-E76F-4E08-ADED-B1673FD97D69}
	EndGlobalSection
EndGlobal
